
Microsoft Visual Studio Solution File, Format Version 12.00
# Visual Studio Version 16
VisualStudioVersion = 16.0.31702.278
MinimumVisualStudioVersion = 10.0.40219.1
Project("{FAE04EC0-301F-11D3-BF4B-00C04F79EFBC}") = "FastStringCreation", "FastStringCreation\FastStringCreation.csproj", "{9462ACEC-55D8-4FD5-B2BD-C74049343337}"
EndProject
Global
	GlobalSection(SolutionConfigurationPlatforms) = preSolution
		Debug|Any CPU = Debug|Any CPU
		Release|Any CPU = Release|Any CPU
	EndGlobalSection
	GlobalSection(ProjectConfigurationPlatforms) = postSolution
		{9462ACEC-55D8-4FD5-B2BD-C74049343337}.Debug|Any CPU.ActiveCfg = Debug|Any CPU
		{9462ACEC-55D8-4FD5-B2BD-C74049343337}.Debug|Any CPU.Build.0 = Debug|Any CPU
		{9462ACEC-55D8-4FD5-B2BD-C74049343337}.Release|Any CPU.ActiveCfg = Release|Any CPU
		{9462ACEC-55D8-4FD5-B2BD-C74049343337}.Release|Any CPU.Build.0 = Release|Any CPU
	EndGlobalSection
	GlobalSection(SolutionProperties) = preSolution
		HideSolutionNode = FALSE
	EndGlobalSection
	GlobalSection(ExtensibilityGlobals) = postSolution
		SolutionGuid = {0034F316-75AF-4BF7-AA6B-73023DEEB0E8}
	EndGlobalSection
EndGlobal
